// !$*UTF8*$!
{
	archiveVersion = 1;
	classes = {
	};
	objectVersion = 50;
	objects = {

/* Begin PBXBuildFile section */
		0CE7A5AB23AE5DB50092590A /* Ivorywhite.framework in Frameworks */ = {isa = PBXBuildFile; fileRef = 0CE7A5A123AE5DB50092590A /* Ivorywhite.framework */; };
		0CE7A5B023AE5DB50092590A /* IvorywhiteTests.swift in Sources */ = {isa = PBXBuildFile; fileRef = 0CE7A5AF23AE5DB50092590A /* IvorywhiteTests.swift */; };
		0CE7A5B223AE5DB50092590A /* Ivorywhite.h in Headers */ = {isa = PBXBuildFile; fileRef = 0CE7A5A423AE5DB50092590A /* Ivorywhite.h */; settings = {ATTRIBUTES = (Public, ); }; };
		0CE7A5C123AE5EB40092590A /* ParametersEncoding.swift in Sources */ = {isa = PBXBuildFile; fileRef = 0CE7A5BE23AE5EB40092590A /* ParametersEncoding.swift */; };
		0CE7A5C823AE5EC60092590A /* NetworkRequest.swift in Sources */ = {isa = PBXBuildFile; fileRef = 0CE7A5C323AE5EC60092590A /* NetworkRequest.swift */; };
		0CE7A5C923AE5EC60092590A /* HTTPHeader.swift in Sources */ = {isa = PBXBuildFile; fileRef = 0CE7A5C423AE5EC60092590A /* HTTPHeader.swift */; };
		0CE7A5CA23AE5EC60092590A /* NetworkService.swift in Sources */ = {isa = PBXBuildFile; fileRef = 0CE7A5C523AE5EC60092590A /* NetworkService.swift */; };
		0CE7A5CB23AE5EC60092590A /* Service.swift in Sources */ = {isa = PBXBuildFile; fileRef = 0CE7A5C623AE5EC60092590A /* Service.swift */; };
		0CE7A5CC23AE5EC60092590A /* HTTPMethod.swift in Sources */ = {isa = PBXBuildFile; fileRef = 0CE7A5C723AE5EC60092590A /* HTTPMethod.swift */; };
		251A213224990B600076FDCB /* Logger.swift in Sources */ = {isa = PBXBuildFile; fileRef = 251A213124990B600076FDCB /* Logger.swift */; };
		251A213424990BDB0076FDCB /* Logging.swift in Sources */ = {isa = PBXBuildFile; fileRef = 251A213324990BDB0076FDCB /* Logging.swift */; };
		251A213624990E210076FDCB /* RequestBuilder.swift in Sources */ = {isa = PBXBuildFile; fileRef = 251A213524990E210076FDCB /* RequestBuilder.swift */; };
		251A2139249911430076FDCB /* RequestBuildable.swift in Sources */ = {isa = PBXBuildFile; fileRef = 251A2138249911430076FDCB /* RequestBuildable.swift */; };
		257BAB37248032EF008020F7 /* Ivorywhite.swift in Sources */ = {isa = PBXBuildFile; fileRef = 257BAB36248032EF008020F7 /* Ivorywhite.swift */; };
/* End PBXBuildFile section */

/* Begin PBXContainerItemProxy section */
		0CE7A5AC23AE5DB50092590A /* PBXContainerItemProxy */ = {
			isa = PBXContainerItemProxy;
			containerPortal = 0CE7A59823AE5DB50092590A /* Project object */;
			proxyType = 1;
			remoteGlobalIDString = 0CE7A5A023AE5DB50092590A;
			remoteInfo = Ivorywhite;
		};
/* End PBXContainerItemProxy section */

/* Begin PBXFileReference section */
		0CE7A5A123AE5DB50092590A /* Ivorywhite.framework */ = {isa = PBXFileReference; explicitFileType = wrapper.framework; includeInIndex = 0; path = Ivorywhite.framework; sourceTree = BUILT_PRODUCTS_DIR; };
		0CE7A5A423AE5DB50092590A /* Ivorywhite.h */ = {isa = PBXFileReference; lastKnownFileType = sourcecode.c.h; path = Ivorywhite.h; sourceTree = "<group>"; };
		0CE7A5A523AE5DB50092590A /* Info.plist */ = {isa = PBXFileReference; lastKnownFileType = text.plist.xml; path = Info.plist; sourceTree = "<group>"; };
		0CE7A5AA23AE5DB50092590A /* IvorywhiteTests.xctest */ = {isa = PBXFileReference; explicitFileType = wrapper.cfbundle; includeInIndex = 0; path = IvorywhiteTests.xctest; sourceTree = BUILT_PRODUCTS_DIR; };
		0CE7A5AF23AE5DB50092590A /* IvorywhiteTests.swift */ = {isa = PBXFileReference; lastKnownFileType = sourcecode.swift; path = IvorywhiteTests.swift; sourceTree = "<group>"; };
		0CE7A5B123AE5DB50092590A /* Info.plist */ = {isa = PBXFileReference; lastKnownFileType = text.plist.xml; path = Info.plist; sourceTree = "<group>"; };
		0CE7A5BE23AE5EB40092590A /* ParametersEncoding.swift */ = {isa = PBXFileReference; fileEncoding = 4; lastKnownFileType = sourcecode.swift; path = ParametersEncoding.swift; sourceTree = "<group>"; };
		0CE7A5C323AE5EC60092590A /* NetworkRequest.swift */ = {isa = PBXFileReference; fileEncoding = 4; lastKnownFileType = sourcecode.swift; path = NetworkRequest.swift; sourceTree = "<group>"; };
		0CE7A5C423AE5EC60092590A /* HTTPHeader.swift */ = {isa = PBXFileReference; fileEncoding = 4; lastKnownFileType = sourcecode.swift; path = HTTPHeader.swift; sourceTree = "<group>"; };
		0CE7A5C523AE5EC60092590A /* NetworkService.swift */ = {isa = PBXFileReference; fileEncoding = 4; lastKnownFileType = sourcecode.swift; path = NetworkService.swift; sourceTree = "<group>"; };
		0CE7A5C623AE5EC60092590A /* Service.swift */ = {isa = PBXFileReference; fileEncoding = 4; lastKnownFileType = sourcecode.swift; path = Service.swift; sourceTree = "<group>"; };
		0CE7A5C723AE5EC60092590A /* HTTPMethod.swift */ = {isa = PBXFileReference; fileEncoding = 4; lastKnownFileType = sourcecode.swift; path = HTTPMethod.swift; sourceTree = "<group>"; };
		251A213124990B600076FDCB /* Logger.swift */ = {isa = PBXFileReference; lastKnownFileType = sourcecode.swift; path = Logger.swift; sourceTree = "<group>"; };
		251A213324990BDB0076FDCB /* Logging.swift */ = {isa = PBXFileReference; lastKnownFileType = sourcecode.swift; path = Logging.swift; sourceTree = "<group>"; };
		251A213524990E210076FDCB /* RequestBuilder.swift */ = {isa = PBXFileReference; lastKnownFileType = sourcecode.swift; path = RequestBuilder.swift; sourceTree = "<group>"; };
		251A2138249911430076FDCB /* RequestBuildable.swift */ = {isa = PBXFileReference; lastKnownFileType = sourcecode.swift; path = RequestBuildable.swift; sourceTree = "<group>"; };
		257BAB36248032EF008020F7 /* Ivorywhite.swift */ = {isa = PBXFileReference; lastKnownFileType = sourcecode.swift; path = Ivorywhite.swift; sourceTree = "<group>"; };
/* End PBXFileReference section */

/* Begin PBXFrameworksBuildPhase section */
		0CE7A59E23AE5DB50092590A /* Frameworks */ = {
			isa = PBXFrameworksBuildPhase;
			buildActionMask = 2147483647;
			files = (
			);
			runOnlyForDeploymentPostprocessing = 0;
		};
		0CE7A5A723AE5DB50092590A /* Frameworks */ = {
			isa = PBXFrameworksBuildPhase;
			buildActionMask = 2147483647;
			files = (
				0CE7A5AB23AE5DB50092590A /* Ivorywhite.framework in Frameworks */,
			);
			runOnlyForDeploymentPostprocessing = 0;
		};
/* End PBXFrameworksBuildPhase section */

/* Begin PBXGroup section */
		0CE7A59723AE5DB50092590A = {
			isa = PBXGroup;
			children = (
				0CE7A5A323AE5DB50092590A /* Ivorywhite */,
				0CE7A5AE23AE5DB50092590A /* IvorywhiteTests */,
				0CE7A5A223AE5DB50092590A /* Products */,
			);
			sourceTree = "<group>";
		};
		0CE7A5A223AE5DB50092590A /* Products */ = {
			isa = PBXGroup;
			children = (
				0CE7A5A123AE5DB50092590A /* Ivorywhite.framework */,
				0CE7A5AA23AE5DB50092590A /* IvorywhiteTests.xctest */,
			);
			name = Products;
			sourceTree = "<group>";
		};
		0CE7A5A323AE5DB50092590A /* Ivorywhite */ = {
			isa = PBXGroup;
			children = (
				0CE7A5BC23AE5E9E0092590A /* Service */,
				251A2137249911000076FDCB /* Builders */,
				0CE7A5BB23AE5E950092590A /* Encoding */,
				251A213024990B500076FDCB /* Loggers */,
				0CE7A5A423AE5DB50092590A /* Ivorywhite.h */,
				257BAB36248032EF008020F7 /* Ivorywhite.swift */,
				0CE7A5A523AE5DB50092590A /* Info.plist */,
			);
			path = Ivorywhite;
			sourceTree = "<group>";
		};
		0CE7A5AE23AE5DB50092590A /* IvorywhiteTests */ = {
			isa = PBXGroup;
			children = (
				0CE7A5AF23AE5DB50092590A /* IvorywhiteTests.swift */,
				0CE7A5B123AE5DB50092590A /* Info.plist */,
			);
			path = IvorywhiteTests;
			sourceTree = "<group>";
		};
		0CE7A5BB23AE5E950092590A /* Encoding */ = {
			isa = PBXGroup;
			children = (
				0CE7A5BE23AE5EB40092590A /* ParametersEncoding.swift */,
			);
			path = Encoding;
			sourceTree = "<group>";
		};
		0CE7A5BC23AE5E9E0092590A /* Service */ = {
			isa = PBXGroup;
			children = (
				0CE7A5C423AE5EC60092590A /* HTTPHeader.swift */,
				0CE7A5C723AE5EC60092590A /* HTTPMethod.swift */,
				0CE7A5C323AE5EC60092590A /* NetworkRequest.swift */,
				0CE7A5C523AE5EC60092590A /* NetworkService.swift */,
				0CE7A5C623AE5EC60092590A /* Service.swift */,
			);
			path = Service;
			sourceTree = "<group>";
		};
		251A213024990B500076FDCB /* Loggers */ = {
			isa = PBXGroup;
			children = (
				251A213324990BDB0076FDCB /* Logging.swift */,
				251A213124990B600076FDCB /* Logger.swift */,
			);
			path = Loggers;
			sourceTree = "<group>";
		};
		251A2137249911000076FDCB /* Builders */ = {
			isa = PBXGroup;
			children = (
				251A2138249911430076FDCB /* RequestBuildable.swift */,
				251A213524990E210076FDCB /* RequestBuilder.swift */,
			);
			path = Builders;
			sourceTree = "<group>";
		};
/* End PBXGroup section */

/* Begin PBXHeadersBuildPhase section */
		0CE7A59C23AE5DB50092590A /* Headers */ = {
			isa = PBXHeadersBuildPhase;
			buildActionMask = 2147483647;
			files = (
				0CE7A5B223AE5DB50092590A /* Ivorywhite.h in Headers */,
			);
			runOnlyForDeploymentPostprocessing = 0;
		};
/* End PBXHeadersBuildPhase section */

/* Begin PBXNativeTarget section */
		0CE7A5A023AE5DB50092590A /* Ivorywhite */ = {
			isa = PBXNativeTarget;
			buildConfigurationList = 0CE7A5B523AE5DB50092590A /* Build configuration list for PBXNativeTarget "Ivorywhite" */;
			buildPhases = (
				0CE7A59C23AE5DB50092590A /* Headers */,
				0CE7A59D23AE5DB50092590A /* Sources */,
				0CE7A59E23AE5DB50092590A /* Frameworks */,
				0CE7A59F23AE5DB50092590A /* Resources */,
				25E2696424EC4F4A00A3F604 /* Swiftlint */,
			);
			buildRules = (
			);
			dependencies = (
			);
			name = Ivorywhite;
			productName = Ivorywhite;
			productReference = 0CE7A5A123AE5DB50092590A /* Ivorywhite.framework */;
			productType = "com.apple.product-type.framework";
		};
		0CE7A5A923AE5DB50092590A /* IvorywhiteTests */ = {
			isa = PBXNativeTarget;
			buildConfigurationList = 0CE7A5B823AE5DB50092590A /* Build configuration list for PBXNativeTarget "IvorywhiteTests" */;
			buildPhases = (
				0CE7A5A623AE5DB50092590A /* Sources */,
				0CE7A5A723AE5DB50092590A /* Frameworks */,
				0CE7A5A823AE5DB50092590A /* Resources */,
			);
			buildRules = (
			);
			dependencies = (
				0CE7A5AD23AE5DB50092590A /* PBXTargetDependency */,
			);
			name = IvorywhiteTests;
			productName = IvorywhiteTests;
			productReference = 0CE7A5AA23AE5DB50092590A /* IvorywhiteTests.xctest */;
			productType = "com.apple.product-type.bundle.unit-test";
		};
/* End PBXNativeTarget section */

/* Begin PBXProject section */
		0CE7A59823AE5DB50092590A /* Project object */ = {
			isa = PBXProject;
			attributes = {
				LastSwiftUpdateCheck = 1130;
				LastUpgradeCheck = 1130;
				ORGANIZATIONNAME = "Oxl Tech";
				TargetAttributes = {
					0CE7A5A023AE5DB50092590A = {
						CreatedOnToolsVersion = 11.3;
						LastSwiftMigration = 1130;
					};
					0CE7A5A923AE5DB50092590A = {
						CreatedOnToolsVersion = 11.3;
					};
				};
			};
			buildConfigurationList = 0CE7A59B23AE5DB50092590A /* Build configuration list for PBXProject "Ivorywhite" */;
			compatibilityVersion = "Xcode 9.3";
			developmentRegion = en;
			hasScannedForEncodings = 0;
			knownRegions = (
				en,
				Base,
			);
			mainGroup = 0CE7A59723AE5DB50092590A;
			productRefGroup = 0CE7A5A223AE5DB50092590A /* Products */;
			projectDirPath = "";
			projectRoot = "";
			targets = (
				0CE7A5A023AE5DB50092590A /* Ivorywhite */,
				0CE7A5A923AE5DB50092590A /* IvorywhiteTests */,
			);
		};
/* End PBXProject section */

/* Begin PBXResourcesBuildPhase section */
		0CE7A59F23AE5DB50092590A /* Resources */ = {
			isa = PBXResourcesBuildPhase;
			buildActionMask = 2147483647;
			files = (
			);
			runOnlyForDeploymentPostprocessing = 0;
		};
		0CE7A5A823AE5DB50092590A /* Resources */ = {
			isa = PBXResourcesBuildPhase;
			buildActionMask = 2147483647;
			files = (
			);
			runOnlyForDeploymentPostprocessing = 0;
		};
/* End PBXResourcesBuildPhase section */

/* Begin PBXShellScriptBuildPhase section */
		25E2696424EC4F4A00A3F604 /* Swiftlint */ = {
			isa = PBXShellScriptBuildPhase;
			buildActionMask = 2147483647;
			files = (
			);
			inputFileListPaths = (
			);
			inputPaths = (
			);
			name = Swiftlint;
			outputFileListPaths = (
			);
			outputPaths = (
			);
			runOnlyForDeploymentPostprocessing = 0;
			shellPath = /bin/sh;
			shellScript = "if which swiftlint >/dev/null; then\n    swiftlint\nelse\n    echo \"warning: SwiftLint not installed, download from https://github.com/realm/SwiftLint\"\nfi\n";
		};
/* End PBXShellScriptBuildPhase section */

/* Begin PBXSourcesBuildPhase section */
		0CE7A59D23AE5DB50092590A /* Sources */ = {
			isa = PBXSourcesBuildPhase;
			buildActionMask = 2147483647;
			files = (
				257BAB37248032EF008020F7 /* Ivorywhite.swift in Sources */,
				0CE7A5CB23AE5EC60092590A /* Service.swift in Sources */,
				0CE7A5C123AE5EB40092590A /* ParametersEncoding.swift in Sources */,
				0CE7A5C923AE5EC60092590A /* HTTPHeader.swift in Sources */,
				0CE7A5CC23AE5EC60092590A /* HTTPMethod.swift in Sources */,
				251A213624990E210076FDCB /* RequestBuilder.swift in Sources */,
				251A2139249911430076FDCB /* RequestBuildable.swift in Sources */,
				0CE7A5C823AE5EC60092590A /* NetworkRequest.swift in Sources */,
				0CE7A5CA23AE5EC60092590A /* NetworkService.swift in Sources */,
				251A213424990BDB0076FDCB /* Logging.swift in Sources */,
				251A213224990B600076FDCB /* Logger.swift in Sources */,
			);
			runOnlyForDeploymentPostprocessing = 0;
		};
		0CE7A5A623AE5DB50092590A /* Sources */ = {
			isa = PBXSourcesBuildPhase;
			buildActionMask = 2147483647;
			files = (
				0CE7A5B023AE5DB50092590A /* IvorywhiteTests.swift in Sources */,
			);
			runOnlyForDeploymentPostprocessing = 0;
		};
/* End PBXSourcesBuildPhase section */

/* Begin PBXTargetDependency section */
		0CE7A5AD23AE5DB50092590A /* PBXTargetDependency */ = {
			isa = PBXTargetDependency;
			target = 0CE7A5A023AE5DB50092590A /* Ivorywhite */;
			targetProxy = 0CE7A5AC23AE5DB50092590A /* PBXContainerItemProxy */;
		};
/* End PBXTargetDependency section */

/* Begin XCBuildConfiguration section */
		0CE7A5B323AE5DB50092590A /* Debug */ = {
			isa = XCBuildConfiguration;
			buildSettings = {
				ALWAYS_SEARCH_USER_PATHS = NO;
				CLANG_ANALYZER_NONNULL = YES;
				CLANG_ANALYZER_NUMBER_OBJECT_CONVERSION = YES_AGGRESSIVE;
				CLANG_CXX_LANGUAGE_STANDARD = "gnu++14";
				CLANG_CXX_LIBRARY = "libc++";
				CLANG_ENABLE_MODULES = YES;
				CLANG_ENABLE_OBJC_ARC = YES;
				CLANG_ENABLE_OBJC_WEAK = YES;
				CLANG_WARN_BLOCK_CAPTURE_AUTORELEASING = YES;
				CLANG_WARN_BOOL_CONVERSION = YES;
				CLANG_WARN_COMMA = YES;
				CLANG_WARN_CONSTANT_CONVERSION = YES;
				CLANG_WARN_DEPRECATED_OBJC_IMPLEMENTATIONS = YES;
				CLANG_WARN_DIRECT_OBJC_ISA_USAGE = YES_ERROR;
				CLANG_WARN_DOCUMENTATION_COMMENTS = YES;
				CLANG_WARN_EMPTY_BODY = YES;
				CLANG_WARN_ENUM_CONVERSION = YES;
				CLANG_WARN_INFINITE_RECURSION = YES;
				CLANG_WARN_INT_CONVERSION = YES;
				CLANG_WARN_NON_LITERAL_NULL_CONVERSION = YES;
				CLANG_WARN_OBJC_IMPLICIT_RETAIN_SELF = YES;
				CLANG_WARN_OBJC_LITERAL_CONVERSION = YES;
				CLANG_WARN_OBJC_ROOT_CLASS = YES_ERROR;
				CLANG_WARN_RANGE_LOOP_ANALYSIS = YES;
				CLANG_WARN_STRICT_PROTOTYPES = YES;
				CLANG_WARN_SUSPICIOUS_MOVE = YES;
				CLANG_WARN_UNGUARDED_AVAILABILITY = YES_AGGRESSIVE;
				CLANG_WARN_UNREACHABLE_CODE = YES;
				CLANG_WARN__DUPLICATE_METHOD_MATCH = YES;
				COPY_PHASE_STRIP = NO;
				CURRENT_PROJECT_VERSION = 1;
				DEBUG_INFORMATION_FORMAT = dwarf;
				ENABLE_STRICT_OBJC_MSGSEND = YES;
				ENABLE_TESTABILITY = YES;
				GCC_C_LANGUAGE_STANDARD = gnu11;
				GCC_DYNAMIC_NO_PIC = NO;
				GCC_NO_COMMON_BLOCKS = YES;
				GCC_OPTIMIZATION_LEVEL = 0;
				GCC_PREPROCESSOR_DEFINITIONS = (
					"DEBUG=1",
					"$(inherited)",
				);
				GCC_WARN_64_TO_32_BIT_CONVERSION = YES;
				GCC_WARN_ABOUT_RETURN_TYPE = YES_ERROR;
				GCC_WARN_UNDECLARED_SELECTOR = YES;
				GCC_WARN_UNINITIALIZED_AUTOS = YES_AGGRESSIVE;
				GCC_WARN_UNUSED_FUNCTION = YES;
				GCC_WARN_UNUSED_VARIABLE = YES;
				IPHONEOS_DEPLOYMENT_TARGET = 10.3;
				MTL_ENABLE_DEBUG_INFO = INCLUDE_SOURCE;
				MTL_FAST_MATH = YES;
				ONLY_ACTIVE_ARCH = YES;
				SDKROOT = iphoneos;
				SWIFT_ACTIVE_COMPILATION_CONDITIONS = DEBUG;
				SWIFT_OPTIMIZATION_LEVEL = "-Onone";
				VERSIONING_SYSTEM = "apple-generic";
				VERSION_INFO_PREFIX = "";
			};
			name = Debug;
		};
		0CE7A5B423AE5DB50092590A /* Release */ = {
			isa = XCBuildConfiguration;
			buildSettings = {
				ALWAYS_SEARCH_USER_PATHS = NO;
				CLANG_ANALYZER_NONNULL = YES;
				CLANG_ANALYZER_NUMBER_OBJECT_CONVERSION = YES_AGGRESSIVE;
				CLANG_CXX_LANGUAGE_STANDARD = "gnu++14";
				CLANG_CXX_LIBRARY = "libc++";
				CLANG_ENABLE_MODULES = YES;
				CLANG_ENABLE_OBJC_ARC = YES;
				CLANG_ENABLE_OBJC_WEAK = YES;
				CLANG_WARN_BLOCK_CAPTURE_AUTORELEASING = YES;
				CLANG_WARN_BOOL_CONVERSION = YES;
				CLANG_WARN_COMMA = YES;
				CLANG_WARN_CONSTANT_CONVERSION = YES;
				CLANG_WARN_DEPRECATED_OBJC_IMPLEMENTATIONS = YES;
				CLANG_WARN_DIRECT_OBJC_ISA_USAGE = YES_ERROR;
				CLANG_WARN_DOCUMENTATION_COMMENTS = YES;
				CLANG_WARN_EMPTY_BODY = YES;
				CLANG_WARN_ENUM_CONVERSION = YES;
				CLANG_WARN_INFINITE_RECURSION = YES;
				CLANG_WARN_INT_CONVERSION = YES;
				CLANG_WARN_NON_LITERAL_NULL_CONVERSION = YES;
				CLANG_WARN_OBJC_IMPLICIT_RETAIN_SELF = YES;
				CLANG_WARN_OBJC_LITERAL_CONVERSION = YES;
				CLANG_WARN_OBJC_ROOT_CLASS = YES_ERROR;
				CLANG_WARN_RANGE_LOOP_ANALYSIS = YES;
				CLANG_WARN_STRICT_PROTOTYPES = YES;
				CLANG_WARN_SUSPICIOUS_MOVE = YES;
				CLANG_WARN_UNGUARDED_AVAILABILITY = YES_AGGRESSIVE;
				CLANG_WARN_UNREACHABLE_CODE = YES;
				CLANG_WARN__DUPLICATE_METHOD_MATCH = YES;
				COPY_PHASE_STRIP = NO;
				CURRENT_PROJECT_VERSION = 1;
				DEBUG_INFORMATION_FORMAT = "dwarf-with-dsym";
				ENABLE_NS_ASSERTIONS = NO;
				ENABLE_STRICT_OBJC_MSGSEND = YES;
				GCC_C_LANGUAGE_STANDARD = gnu11;
				GCC_NO_COMMON_BLOCKS = YES;
				GCC_WARN_64_TO_32_BIT_CONVERSION = YES;
				GCC_WARN_ABOUT_RETURN_TYPE = YES_ERROR;
				GCC_WARN_UNDECLARED_SELECTOR = YES;
				GCC_WARN_UNINITIALIZED_AUTOS = YES_AGGRESSIVE;
				GCC_WARN_UNUSED_FUNCTION = YES;
				GCC_WARN_UNUSED_VARIABLE = YES;
				IPHONEOS_DEPLOYMENT_TARGET = 10.3;
				MTL_ENABLE_DEBUG_INFO = NO;
				MTL_FAST_MATH = YES;
				SDKROOT = iphoneos;
				SWIFT_COMPILATION_MODE = wholemodule;
				SWIFT_OPTIMIZATION_LEVEL = "-O";
				VALIDATE_PRODUCT = YES;
				VERSIONING_SYSTEM = "apple-generic";
				VERSION_INFO_PREFIX = "";
			};
			name = Release;
		};
		0CE7A5B623AE5DB50092590A /* Debug */ = {
			isa = XCBuildConfiguration;
			buildSettings = {
				CLANG_ENABLE_MODULES = YES;
				CODE_SIGN_STYLE = Automatic;
				DEFINES_MODULE = YES;
				DEVELOPMENT_TEAM = 466546777M;
				DYLIB_COMPATIBILITY_VERSION = 1;
				DYLIB_CURRENT_VERSION = 1;
				DYLIB_INSTALL_NAME_BASE = "@rpath";
				INFOPLIST_FILE = Ivorywhite/Info.plist;
				INSTALL_PATH = "$(LOCAL_LIBRARY_DIR)/Frameworks";
				IPHONEOS_DEPLOYMENT_TARGET = 10.3;
				LD_RUNPATH_SEARCH_PATHS = (
					"$(inherited)",
					"@executable_path/Frameworks",
					"@loader_path/Frameworks",
				);
				MARKETING_VERSION = 0.2.2;
				PRODUCT_BUNDLE_IDENTIFIER = com.oxltech.Ivorywhite;
				PRODUCT_NAME = "$(TARGET_NAME:c99extidentifier)";
				SKIP_INSTALL = YES;
				SWIFT_OPTIMIZATION_LEVEL = "-Onone";
				SWIFT_VERSION = 5.0;
				TARGETED_DEVICE_FAMILY = "1,2";
			};
			name = Debug;
		};
		0CE7A5B723AE5DB50092590A /* Release */ = {
			isa = XCBuildConfiguration;
			buildSettings = {
				CLANG_ENABLE_MODULES = YES;
				CODE_SIGN_STYLE = Automatic;
				DEFINES_MODULE = YES;
				DEVELOPMENT_TEAM = 466546777M;
				DYLIB_COMPATIBILITY_VERSION = 1;
				DYLIB_CURRENT_VERSION = 1;
				DYLIB_INSTALL_NAME_BASE = "@rpath";
				INFOPLIST_FILE = Ivorywhite/Info.plist;
				INSTALL_PATH = "$(LOCAL_LIBRARY_DIR)/Frameworks";
				IPHONEOS_DEPLOYMENT_TARGET = 10.3;
				LD_RUNPATH_SEARCH_PATHS = (
					"$(inherited)",
					"@executable_path/Frameworks",
					"@loader_path/Frameworks",
				);
				MARKETING_VERSION = 0.2.2;
				PRODUCT_BUNDLE_IDENTIFIER = com.oxltech.Ivorywhite;
				PRODUCT_NAME = "$(TARGET_NAME:c99extidentifier)";
				SKIP_INSTALL = YES;
				SWIFT_VERSION = 5.0;
				TARGETED_DEVICE_FAMILY = "1,2";
			};
			name = Release;
		};
		0CE7A5B923AE5DB50092590A /* Debug */ = {
			isa = XCBuildConfiguration;
			buildSettings = {
				ALWAYS_EMBED_SWIFT_STANDARD_LIBRARIES = YES;
				CODE_SIGN_STYLE = Automatic;
				DEVELOPMENT_TEAM = 466546777M;
				INFOPLIST_FILE = IvorywhiteTests/Info.plist;
				LD_RUNPATH_SEARCH_PATHS = (
					"$(inherited)",
					"@executable_path/Frameworks",
					"@loader_path/Frameworks",
				);
				PRODUCT_BUNDLE_IDENTIFIER = com.oxltech.IvorywhiteTests;
				PRODUCT_NAME = "$(TARGET_NAME)";
				SWIFT_VERSION = 5.0;
				TARGETED_DEVICE_FAMILY = "1,2";
			};
			name = Debug;
		};
		0CE7A5BA23AE5DB50092590A /* Release */ = {
			isa = XCBuildConfiguration;
			buildSettings = {
				ALWAYS_EMBED_SWIFT_STANDARD_LIBRARIES = YES;
				CODE_SIGN_STYLE = Automatic;
				DEVELOPMENT_TEAM = 466546777M;
				INFOPLIST_FILE = IvorywhiteTests/Info.plist;
				LD_RUNPATH_SEARCH_PATHS = (
					"$(inherited)",
					"@executable_path/Frameworks",
					"@loader_path/Frameworks",
				);
				PRODUCT_BUNDLE_IDENTIFIER = com.oxltech.IvorywhiteTests;
				PRODUCT_NAME = "$(TARGET_NAME)";
				SWIFT_VERSION = 5.0;
				TARGETED_DEVICE_FAMILY = "1,2";
			};
			name = Release;
		};
/* End XCBuildConfiguration section */

/* Begin XCConfigurationList section */
		0CE7A59B23AE5DB50092590A /* Build configuration list for PBXProject "Ivorywhite" */ = {
			isa = XCConfigurationList;
			buildConfigurations = (
				0CE7A5B323AE5DB50092590A /* Debug */,
				0CE7A5B423AE5DB50092590A /* Release */,
			);
			defaultConfigurationIsVisible = 0;
			defaultConfigurationName = Release;
		};
		0CE7A5B523AE5DB50092590A /* Build configuration list for PBXNativeTarget "Ivorywhite" */ = {
			isa = XCConfigurationList;
			buildConfigurations = (
				0CE7A5B623AE5DB50092590A /* Debug */,
				0CE7A5B723AE5DB50092590A /* Release */,
			);
			defaultConfigurationIsVisible = 0;
			defaultConfigurationName = Release;
		};
		0CE7A5B823AE5DB50092590A /* Build configuration list for PBXNativeTarget "IvorywhiteTests" */ = {
			isa = XCConfigurationList;
			buildConfigurations = (
				0CE7A5B923AE5DB50092590A /* Debug */,
				0CE7A5BA23AE5DB50092590A /* Release */,
			);
			defaultConfigurationIsVisible = 0;
			defaultConfigurationName = Release;
		};
/* End XCConfigurationList section */
	};
	rootObject = 0CE7A59823AE5DB50092590A /* Project object */;
}
